// !$*UTF8*$!
{
	archiveVersion = 1;
	classes = {
	};
	objectVersion = 56;
	objects = {

/* Begin PBXBuildFile section */
		812F4E582BD59B1F00C4FABE /* RemindersRepository.swift in Sources */ = {isa = PBXBuildFile; fileRef = 812F4E572BD59B1F00C4FABE /* RemindersRepository.swift */; };
		812F4E5C2BD5AFB600C4FABE /* GoogleService-Info.plist in Resources */ = {isa = PBXBuildFile; fileRef = 812F4E5B2BD5AFB600C4FABE /* GoogleService-Info.plist */; };
		815137E22BD74184006F7169 /* Factory in Frameworks */ = {isa = PBXBuildFile; productRef = 815137E12BD74184006F7169 /* Factory */; };
		815137E62BD74224006F7169 /* Firebase+Injection.swift in Sources */ = {isa = PBXBuildFile; fileRef = 815137E52BD74224006F7169 /* Firebase+Injection.swift */; };
		815137E82BD7478A006F7169 /* Repositories+Injection.swift in Sources */ = {isa = PBXBuildFile; fileRef = 815137E72BD7478A006F7169 /* Repositories+Injection.swift */; };
		815137EA2BD75E26006F7169 /* SettingsView.swift in Sources */ = {isa = PBXBuildFile; fileRef = 815137E92BD75E26006F7169 /* SettingsView.swift */; };
		815137EF2BD75F38006F7169 /* SettingsViewModel.swift in Sources */ = {isa = PBXBuildFile; fileRef = 815137EE2BD75F38006F7169 /* SettingsViewModel.swift */; };
		815137F32BD76068006F7169 /* UserProfileView.swift in Sources */ = {isa = PBXBuildFile; fileRef = 815137F22BD76068006F7169 /* UserProfileView.swift */; };
		815137F52BD76399006F7169 /* AuthenticationView.swift in Sources */ = {isa = PBXBuildFile; fileRef = 815137F42BD76399006F7169 /* AuthenticationView.swift */; };
		815137F82BD764D1006F7169 /* UserProfileViewModel.swift in Sources */ = {isa = PBXBuildFile; fileRef = 815137F72BD764D1006F7169 /* UserProfileViewModel.swift */; };
		815137FC2BD76EB4006F7169 /* AuthenticationViewModel.swift in Sources */ = {isa = PBXBuildFile; fileRef = 815137FB2BD76EB4006F7169 /* AuthenticationViewModel.swift */; };
		815137FE2BD7787D006F7169 /* GoogleSignInButton.swift in Sources */ = {isa = PBXBuildFile; fileRef = 815137FD2BD7787D006F7169 /* GoogleSignInButton.swift */; };
		815138002BD78351006F7169 /* SignupView.swift in Sources */ = {isa = PBXBuildFile; fileRef = 815137FF2BD78351006F7169 /* SignupView.swift */; };
		815138022BD78728006F7169 /* LoginView.swift in Sources */ = {isa = PBXBuildFile; fileRef = 815138012BD78728006F7169 /* LoginView.swift */; };
		815138052BD7FC71006F7169 /* AuthenticationService.swift in Sources */ = {isa = PBXBuildFile; fileRef = 815138042BD7FC71006F7169 /* AuthenticationService.swift */; };
		815138072BD80085006F7169 /* AuthenticationService+Injection.swift in Sources */ = {isa = PBXBuildFile; fileRef = 815138062BD80085006F7169 /* AuthenticationService+Injection.swift */; };
		81603FF22BD49BEB00B47785 /* MakeItSo_ReminderCloneApp.swift in Sources */ = {isa = PBXBuildFile; fileRef = 81603FF12BD49BEB00B47785 /* MakeItSo_ReminderCloneApp.swift */; };
		81603FF42BD49BEB00B47785 /* RemindersListView.swift in Sources */ = {isa = PBXBuildFile; fileRef = 81603FF32BD49BEB00B47785 /* RemindersListView.swift */; };
		81603FF82BD49BED00B47785 /* Assets.xcassets in Resources */ = {isa = PBXBuildFile; fileRef = 81603FF72BD49BED00B47785 /* Assets.xcassets */; };
		81603FFB2BD49BED00B47785 /* Preview Assets.xcassets in Resources */ = {isa = PBXBuildFile; fileRef = 81603FFA2BD49BED00B47785 /* Preview Assets.xcassets */; };
		816040022BD49C7A00B47785 /* Reminder.swift in Sources */ = {isa = PBXBuildFile; fileRef = 816040012BD49C7900B47785 /* Reminder.swift */; };
		81EEDA452BD4B05D00257C91 /* EditReminderDetailsView.swift in Sources */ = {isa = PBXBuildFile; fileRef = 81EEDA442BD4B05D00257C91 /* EditReminderDetailsView.swift */; };
		81EEDA4C2BD4CB1A00257C91 /* RemindersListViewModel.swift in Sources */ = {isa = PBXBuildFile; fileRef = 81EEDA4B2BD4CB1A00257C91 /* RemindersListViewModel.swift */; };
		81EEDA4E2BD4D27200257C91 /* RemindersListRowView.swift in Sources */ = {isa = PBXBuildFile; fileRef = 81EEDA4D2BD4D27200257C91 /* RemindersListRowView.swift */; };
		81EEDA512BD4D7A300257C91 /* ReminderToggleStyle.swift in Sources */ = {isa = PBXBuildFile; fileRef = 81EEDA502BD4D7A300257C91 /* ReminderToggleStyle.swift */; };
		81EEDA562BD5775D00257C91 /* FirebaseAnalytics in Frameworks */ = {isa = PBXBuildFile; productRef = 81EEDA552BD5775D00257C91 /* FirebaseAnalytics */; };
		81EEDA582BD5775D00257C91 /* FirebaseAnalyticsSwift in Frameworks */ = {isa = PBXBuildFile; productRef = 81EEDA572BD5775D00257C91 /* FirebaseAnalyticsSwift */; };
		81EEDA5A2BD5775D00257C91 /* FirebaseAuth in Frameworks */ = {isa = PBXBuildFile; productRef = 81EEDA592BD5775D00257C91 /* FirebaseAuth */; };
		81EEDA5C2BD5775D00257C91 /* FirebaseFirestore in Frameworks */ = {isa = PBXBuildFile; productRef = 81EEDA5B2BD5775D00257C91 /* FirebaseFirestore */; };
		81EEDA5E2BD5775D00257C91 /* FirebaseFirestoreSwift in Frameworks */ = {isa = PBXBuildFile; productRef = 81EEDA5D2BD5775D00257C91 /* FirebaseFirestoreSwift */; };
/* End PBXBuildFile section */

/* Begin PBXFileReference section */
		812F4E572BD59B1F00C4FABE /* RemindersRepository.swift */ = {isa = PBXFileReference; lastKnownFileType = sourcecode.swift; path = RemindersRepository.swift; sourceTree = "<group>"; };
		812F4E5B2BD5AFB600C4FABE /* GoogleService-Info.plist */ = {isa = PBXFileReference; fileEncoding = 4; lastKnownFileType = text.plist.xml; path = "GoogleService-Info.plist"; sourceTree = "<group>"; };
		815137E52BD74224006F7169 /* Firebase+Injection.swift */ = {isa = PBXFileReference; lastKnownFileType = sourcecode.swift; path = "Firebase+Injection.swift"; sourceTree = "<group>"; };
		815137E72BD7478A006F7169 /* Repositories+Injection.swift */ = {isa = PBXFileReference; lastKnownFileType = sourcecode.swift; path = "Repositories+Injection.swift"; sourceTree = "<group>"; };
		815137E92BD75E26006F7169 /* SettingsView.swift */ = {isa = PBXFileReference; lastKnownFileType = sourcecode.swift; path = SettingsView.swift; sourceTree = "<group>"; };
		815137EE2BD75F38006F7169 /* SettingsViewModel.swift */ = {isa = PBXFileReference; lastKnownFileType = sourcecode.swift; path = SettingsViewModel.swift; sourceTree = "<group>"; };
		815137F22BD76068006F7169 /* UserProfileView.swift */ = {isa = PBXFileReference; lastKnownFileType = sourcecode.swift; path = UserProfileView.swift; sourceTree = "<group>"; };
		815137F42BD76399006F7169 /* AuthenticationView.swift */ = {isa = PBXFileReference; lastKnownFileType = sourcecode.swift; path = AuthenticationView.swift; sourceTree = "<group>"; };
		815137F72BD764D1006F7169 /* UserProfileViewModel.swift */ = {isa = PBXFileReference; lastKnownFileType = sourcecode.swift; path = UserProfileViewModel.swift; sourceTree = "<group>"; };
		815137FB2BD76EB4006F7169 /* AuthenticationViewModel.swift */ = {isa = PBXFileReference; lastKnownFileType = sourcecode.swift; path = AuthenticationViewModel.swift; sourceTree = "<group>"; };
		815137FD2BD7787D006F7169 /* GoogleSignInButton.swift */ = {isa = PBXFileReference; lastKnownFileType = sourcecode.swift; path = GoogleSignInButton.swift; sourceTree = "<group>"; };
		815137FF2BD78351006F7169 /* SignupView.swift */ = {isa = PBXFileReference; fileEncoding = 4; lastKnownFileType = sourcecode.swift; path = SignupView.swift; sourceTree = "<group>"; };
		815138012BD78728006F7169 /* LoginView.swift */ = {isa = PBXFileReference; lastKnownFileType = sourcecode.swift; path = LoginView.swift; sourceTree = "<group>"; };
		815138042BD7FC71006F7169 /* AuthenticationService.swift */ = {isa = PBXFileReference; lastKnownFileType = sourcecode.swift; path = AuthenticationService.swift; sourceTree = "<group>"; };
		815138062BD80085006F7169 /* AuthenticationService+Injection.swift */ = {isa = PBXFileReference; lastKnownFileType = sourcecode.swift; path = "AuthenticationService+Injection.swift"; sourceTree = "<group>"; };
		81603FEE2BD49BEB00B47785 /* MakeItSo-ReminderClone.app */ = {isa = PBXFileReference; explicitFileType = wrapper.application; includeInIndex = 0; path = "MakeItSo-ReminderClone.app"; sourceTree = BUILT_PRODUCTS_DIR; };
		81603FF12BD49BEB00B47785 /* MakeItSo_ReminderCloneApp.swift */ = {isa = PBXFileReference; lastKnownFileType = sourcecode.swift; path = MakeItSo_ReminderCloneApp.swift; sourceTree = "<group>"; };
		81603FF32BD49BEB00B47785 /* RemindersListView.swift */ = {isa = PBXFileReference; lastKnownFileType = sourcecode.swift; path = RemindersListView.swift; sourceTree = "<group>"; };
		81603FF72BD49BED00B47785 /* Assets.xcassets */ = {isa = PBXFileReference; lastKnownFileType = folder.assetcatalog; path = Assets.xcassets; sourceTree = "<group>"; };
		81603FFA2BD49BED00B47785 /* Preview Assets.xcassets */ = {isa = PBXFileReference; lastKnownFileType = folder.assetcatalog; path = "Preview Assets.xcassets"; sourceTree = "<group>"; };
		816040012BD49C7900B47785 /* Reminder.swift */ = {isa = PBXFileReference; lastKnownFileType = sourcecode.swift; path = Reminder.swift; sourceTree = "<group>"; };
		81EEDA442BD4B05D00257C91 /* EditReminderDetailsView.swift */ = {isa = PBXFileReference; lastKnownFileType = sourcecode.swift; path = EditReminderDetailsView.swift; sourceTree = "<group>"; };
		81EEDA4B2BD4CB1A00257C91 /* RemindersListViewModel.swift */ = {isa = PBXFileReference; lastKnownFileType = sourcecode.swift; path = RemindersListViewModel.swift; sourceTree = "<group>"; };
		81EEDA4D2BD4D27200257C91 /* RemindersListRowView.swift */ = {isa = PBXFileReference; lastKnownFileType = sourcecode.swift; path = RemindersListRowView.swift; sourceTree = "<group>"; };
		81EEDA502BD4D7A300257C91 /* ReminderToggleStyle.swift */ = {isa = PBXFileReference; lastKnownFileType = sourcecode.swift; path = ReminderToggleStyle.swift; sourceTree = "<group>"; };
/* End PBXFileReference section */

/* Begin PBXFrameworksBuildPhase section */
		81603FEB2BD49BEB00B47785 /* Frameworks */ = {
			isa = PBXFrameworksBuildPhase;
			buildActionMask = 2147483647;
			files = (
				81EEDA5E2BD5775D00257C91 /* FirebaseFirestoreSwift in Frameworks */,
				81EEDA582BD5775D00257C91 /* FirebaseAnalyticsSwift in Frameworks */,
				81EEDA5C2BD5775D00257C91 /* FirebaseFirestore in Frameworks */,
				815137E22BD74184006F7169 /* Factory in Frameworks */,
				81EEDA5A2BD5775D00257C91 /* FirebaseAuth in Frameworks */,
				81EEDA562BD5775D00257C91 /* FirebaseAnalytics in Frameworks */,
			);
			runOnlyForDeploymentPostprocessing = 0;
		};
/* End PBXFrameworksBuildPhase section */

/* Begin PBXGroup section */
		812F4E562BD59AC700C4FABE /* Repositories */ = {
			isa = PBXGroup;
			children = (
				812F4E572BD59B1F00C4FABE /* RemindersRepository.swift */,
				815137E72BD7478A006F7169 /* Repositories+Injection.swift */,
			);
			path = Repositories;
			sourceTree = "<group>";
		};
		815137E32BD741E1006F7169 /* Firebase */ = {
			isa = PBXGroup;
			children = (
				815137E42BD741E9006F7169 /* Services */,
			);
			path = Firebase;
			sourceTree = "<group>";
		};
		815137E42BD741E9006F7169 /* Services */ = {
			isa = PBXGroup;
			children = (
				815137E52BD74224006F7169 /* Firebase+Injection.swift */,
			);
			path = Services;
			sourceTree = "<group>";
		};
		815137EB2BD75EA5006F7169 /* Settings */ = {
			isa = PBXGroup;
			children = (
				815137ED2BD75F26006F7169 /* ViewModels */,
				815137EC2BD75EB7006F7169 /* Views */,
			);
			path = Settings;
			sourceTree = "<group>";
		};
		815137EC2BD75EB7006F7169 /* Views */ = {
			isa = PBXGroup;
			children = (
				815137E92BD75E26006F7169 /* SettingsView.swift */,
			);
			path = Views;
			sourceTree = "<group>";
		};
		815137ED2BD75F26006F7169 /* ViewModels */ = {
			isa = PBXGroup;
			children = (
				815137EE2BD75F38006F7169 /* SettingsViewModel.swift */,
			);
			path = ViewModels;
			sourceTree = "<group>";
		};
		815137F02BD7604E006F7169 /* Authentication */ = {
			isa = PBXGroup;
			children = (
				815138032BD7FC54006F7169 /* Services */,
				815137F62BD76493006F7169 /* ViewModels */,
				815137F12BD76059006F7169 /* Views */,
			);
			path = Authentication;
			sourceTree = "<group>";
		};
		815137F12BD76059006F7169 /* Views */ = {
			isa = PBXGroup;
			children = (
				815137FF2BD78351006F7169 /* SignupView.swift */,
				815138012BD78728006F7169 /* LoginView.swift */,
				815137F22BD76068006F7169 /* UserProfileView.swift */,
				815137F42BD76399006F7169 /* AuthenticationView.swift */,
				815137FD2BD7787D006F7169 /* GoogleSignInButton.swift */,
			);
			path = Views;
			sourceTree = "<group>";
		};
		815137F62BD76493006F7169 /* ViewModels */ = {
			isa = PBXGroup;
			children = (
				815137F72BD764D1006F7169 /* UserProfileViewModel.swift */,
				815137FB2BD76EB4006F7169 /* AuthenticationViewModel.swift */,
			);
			path = ViewModels;
			sourceTree = "<group>";
		};
		815138032BD7FC54006F7169 /* Services */ = {
			isa = PBXGroup;
			children = (
				815138042BD7FC71006F7169 /* AuthenticationService.swift */,
				815138062BD80085006F7169 /* AuthenticationService+Injection.swift */,
			);
			path = Services;
			sourceTree = "<group>";
		};
		81603FE52BD49BEB00B47785 = {
			isa = PBXGroup;
			children = (
				81603FF02BD49BEB00B47785 /* MakeItSo-ReminderClone */,
				81603FEF2BD49BEB00B47785 /* Products */,
			);
			sourceTree = "<group>";
		};
		81603FEF2BD49BEB00B47785 /* Products */ = {
			isa = PBXGroup;
			children = (
				81603FEE2BD49BEB00B47785 /* MakeItSo-ReminderClone.app */,
			);
			name = Products;
			sourceTree = "<group>";
		};
		81603FF02BD49BEB00B47785 /* MakeItSo-ReminderClone */ = {
			isa = PBXGroup;
			children = (
				81EEDA462BD4C91D00257C91 /* Features */,
				81603FF12BD49BEB00B47785 /* MakeItSo_ReminderCloneApp.swift */,
				81603FF72BD49BED00B47785 /* Assets.xcassets */,
				812F4E5B2BD5AFB600C4FABE /* GoogleService-Info.plist */,
				81603FF92BD49BED00B47785 /* Preview Content */,
			);
			path = "MakeItSo-ReminderClone";
			sourceTree = "<group>";
		};
		81603FF92BD49BED00B47785 /* Preview Content */ = {
			isa = PBXGroup;
			children = (
				81603FFA2BD49BED00B47785 /* Preview Assets.xcassets */,
			);
			path = "Preview Content";
			sourceTree = "<group>";
		};
		81EEDA462BD4C91D00257C91 /* Features */ = {
			isa = PBXGroup;
			children = (
				815137F02BD7604E006F7169 /* Authentication */,
				815137EB2BD75EA5006F7169 /* Settings */,
				815137E32BD741E1006F7169 /* Firebase */,
				81EEDA472BD4C92F00257C91 /* Reminders */,
			);
			path = Features;
			sourceTree = "<group>";
		};
		81EEDA472BD4C92F00257C91 /* Reminders */ = {
			isa = PBXGroup;
			children = (
				812F4E562BD59AC700C4FABE /* Repositories */,
				81EEDA482BD4C94300257C91 /* Models */,
				81EEDA492BD4C94B00257C91 /* ViewModels */,
				81EEDA4A2BD4C95400257C91 /* Views */,
				81EEDA4F2BD4D75D00257C91 /* Styles */,
			);
			path = Reminders;
			sourceTree = "<group>";
		};
		81EEDA482BD4C94300257C91 /* Models */ = {
			isa = PBXGroup;
			children = (
				816040012BD49C7900B47785 /* Reminder.swift */,
			);
			path = Models;
			sourceTree = "<group>";
		};
		81EEDA492BD4C94B00257C91 /* ViewModels */ = {
			isa = PBXGroup;
			children = (
				81EEDA4B2BD4CB1A00257C91 /* RemindersListViewModel.swift */,
			);
			path = ViewModels;
			sourceTree = "<group>";
		};
		81EEDA4A2BD4C95400257C91 /* Views */ = {
			isa = PBXGroup;
			children = (
				81603FF32BD49BEB00B47785 /* RemindersListView.swift */,
				81EEDA442BD4B05D00257C91 /* EditReminderDetailsView.swift */,
				81EEDA4D2BD4D27200257C91 /* RemindersListRowView.swift */,
			);
			path = Views;
			sourceTree = "<group>";
		};
		81EEDA4F2BD4D75D00257C91 /* Styles */ = {
			isa = PBXGroup;
			children = (
				81EEDA502BD4D7A300257C91 /* ReminderToggleStyle.swift */,
			);
			path = Styles;
			sourceTree = "<group>";
		};
/* End PBXGroup section */

/* Begin PBXNativeTarget section */
		81603FED2BD49BEB00B47785 /* MakeItSo-ReminderClone */ = {
			isa = PBXNativeTarget;
			buildConfigurationList = 81603FFE2BD49BED00B47785 /* Build configuration list for PBXNativeTarget "MakeItSo-ReminderClone" */;
			buildPhases = (
				81603FEA2BD49BEB00B47785 /* Sources */,
				81603FEB2BD49BEB00B47785 /* Frameworks */,
				81603FEC2BD49BEB00B47785 /* Resources */,
			);
			buildRules = (
			);
			dependencies = (
			);
			name = "MakeItSo-ReminderClone";
			packageProductDependencies = (
				81EEDA552BD5775D00257C91 /* FirebaseAnalytics */,
				81EEDA572BD5775D00257C91 /* FirebaseAnalyticsSwift */,
				81EEDA592BD5775D00257C91 /* FirebaseAuth */,
				81EEDA5B2BD5775D00257C91 /* FirebaseFirestore */,
				81EEDA5D2BD5775D00257C91 /* FirebaseFirestoreSwift */,
				815137E12BD74184006F7169 /* Factory */,
			);
			productName = "MakeItSo-ReminderClone";
			productReference = 81603FEE2BD49BEB00B47785 /* MakeItSo-ReminderClone.app */;
			productType = "com.apple.product-type.application";
		};
/* End PBXNativeTarget section */

/* Begin PBXProject section */
		81603FE62BD49BEB00B47785 /* Project object */ = {
			isa = PBXProject;
			attributes = {
				BuildIndependentTargetsInParallel = 1;
				LastSwiftUpdateCheck = 1530;
				LastUpgradeCheck = 1530;
				TargetAttributes = {
					81603FED2BD49BEB00B47785 = {
						CreatedOnToolsVersion = 15.3;
					};
				};
			};
			buildConfigurationList = 81603FE92BD49BEB00B47785 /* Build configuration list for PBXProject "MakeItSo-ReminderClone" */;
			compatibilityVersion = "Xcode 14.0";
			developmentRegion = en;
			hasScannedForEncodings = 0;
			knownRegions = (
				en,
				Base,
			);
			mainGroup = 81603FE52BD49BEB00B47785;
			packageReferences = (
				81EEDA542BD5775D00257C91 /* XCRemoteSwiftPackageReference "firebase-ios-sdk" */,
				815137E02BD74184006F7169 /* XCRemoteSwiftPackageReference "Factory" */,
			);
			productRefGroup = 81603FEF2BD49BEB00B47785 /* Products */;
			projectDirPath = "";
			projectRoot = "";
			targets = (
				81603FED2BD49BEB00B47785 /* MakeItSo-ReminderClone */,
			);
		};
/* End PBXProject section */

/* Begin PBXResourcesBuildPhase section */
		81603FEC2BD49BEB00B47785 /* Resources */ = {
			isa = PBXResourcesBuildPhase;
			buildActionMask = 2147483647;
			files = (
				81603FFB2BD49BED00B47785 /* Preview Assets.xcassets in Resources */,
				81603FF82BD49BED00B47785 /* Assets.xcassets in Resources */,
				812F4E5C2BD5AFB600C4FABE /* GoogleService-Info.plist in Resources */,
			);
			runOnlyForDeploymentPostprocessing = 0;
		};
/* End PBXResourcesBuildPhase section */

/* Begin PBXSourcesBuildPhase section */
		81603FEA2BD49BEB00B47785 /* Sources */ = {
			isa = PBXSourcesBuildPhase;
			buildActionMask = 2147483647;
			files = (
				815138002BD78351006F7169 /* SignupView.swift in Sources */,
				81EEDA512BD4D7A300257C91 /* ReminderToggleStyle.swift in Sources */,
				815137E62BD74224006F7169 /* Firebase+Injection.swift in Sources */,
				815137FC2BD76EB4006F7169 /* AuthenticationViewModel.swift in Sources */,
				815137F82BD764D1006F7169 /* UserProfileViewModel.swift in Sources */,
				815137FE2BD7787D006F7169 /* GoogleSignInButton.swift in Sources */,
				81603FF42BD49BEB00B47785 /* RemindersListView.swift in Sources */,
				81603FF22BD49BEB00B47785 /* MakeItSo_ReminderCloneApp.swift in Sources */,
				81EEDA4C2BD4CB1A00257C91 /* RemindersListViewModel.swift in Sources */,
				815137F32BD76068006F7169 /* UserProfileView.swift in Sources */,
				815137E82BD7478A006F7169 /* Repositories+Injection.swift in Sources */,
				81EEDA4E2BD4D27200257C91 /* RemindersListRowView.swift in Sources */,
				812F4E582BD59B1F00C4FABE /* RemindersRepository.swift in Sources */,
				81EEDA452BD4B05D00257C91 /* EditReminderDetailsView.swift in Sources */,
				815137F52BD76399006F7169 /* AuthenticationView.swift in Sources */,
				816040022BD49C7A00B47785 /* Reminder.swift in Sources */,
				815138022BD78728006F7169 /* LoginView.swift in Sources */,
				815137EA2BD75E26006F7169 /* SettingsView.swift in Sources */,
				815137EF2BD75F38006F7169 /* SettingsViewModel.swift in Sources */,
				815138052BD7FC71006F7169 /* AuthenticationService.swift in Sources */,
				815138072BD80085006F7169 /* AuthenticationService+Injection.swift in Sources */,
			);
			runOnlyForDeploymentPostprocessing = 0;
		};
/* End PBXSourcesBuildPhase section */

/* Begin XCBuildConfiguration section */
		81603FFC2BD49BED00B47785 /* Debug */ = {
			isa = XCBuildConfiguration;
			buildSettings = {
				ALWAYS_SEARCH_USER_PATHS = NO;
				ASSETCATALOG_COMPILER_GENERATE_SWIFT_ASSET_SYMBOL_EXTENSIONS = YES;
				CLANG_ANALYZER_NONNULL = YES;
				CLANG_ANALYZER_NUMBER_OBJECT_CONVERSION = YES_AGGRESSIVE;
				CLANG_CXX_LANGUAGE_STANDARD = "gnu++20";
				CLANG_ENABLE_MODULES = YES;
				CLANG_ENABLE_OBJC_ARC = YES;
				CLANG_ENABLE_OBJC_WEAK = YES;
				CLANG_WARN_BLOCK_CAPTURE_AUTORELEASING = YES;
				CLANG_WARN_BOOL_CONVERSION = YES;
				CLANG_WARN_COMMA = YES;
				CLANG_WARN_CONSTANT_CONVERSION = YES;
				CLANG_WARN_DEPRECATED_OBJC_IMPLEMENTATIONS = YES;
				CLANG_WARN_DIRECT_OBJC_ISA_USAGE = YES_ERROR;
				CLANG_WARN_DOCUMENTATION_COMMENTS = YES;
				CLANG_WARN_EMPTY_BODY = YES;
				CLANG_WARN_ENUM_CONVERSION = YES;
				CLANG_WARN_INFINITE_RECURSION = YES;
				CLANG_WARN_INT_CONVERSION = YES;
				CLANG_WARN_NON_LITERAL_NULL_CONVERSION = YES;
				CLANG_WARN_OBJC_IMPLICIT_RETAIN_SELF = YES;
				CLANG_WARN_OBJC_LITERAL_CONVERSION = YES;
				CLANG_WARN_OBJC_ROOT_CLASS = YES_ERROR;
				CLANG_WARN_QUOTED_INCLUDE_IN_FRAMEWORK_HEADER = YES;
				CLANG_WARN_RANGE_LOOP_ANALYSIS = YES;
				CLANG_WARN_STRICT_PROTOTYPES = YES;
				CLANG_WARN_SUSPICIOUS_MOVE = YES;
				CLANG_WARN_UNGUARDED_AVAILABILITY = YES_AGGRESSIVE;
				CLANG_WARN_UNREACHABLE_CODE = YES;
				CLANG_WARN__DUPLICATE_METHOD_MATCH = YES;
				COPY_PHASE_STRIP = NO;
				DEBUG_INFORMATION_FORMAT = dwarf;
				ENABLE_STRICT_OBJC_MSGSEND = YES;
				ENABLE_TESTABILITY = YES;
				ENABLE_USER_SCRIPT_SANDBOXING = YES;
				GCC_C_LANGUAGE_STANDARD = gnu17;
				GCC_DYNAMIC_NO_PIC = NO;
				GCC_NO_COMMON_BLOCKS = YES;
				GCC_OPTIMIZATION_LEVEL = 0;
				GCC_PREPROCESSOR_DEFINITIONS = (
					"DEBUG=1",
					"$(inherited)",
				);
				GCC_WARN_64_TO_32_BIT_CONVERSION = YES;
				GCC_WARN_ABOUT_RETURN_TYPE = YES_ERROR;
				GCC_WARN_UNDECLARED_SELECTOR = YES;
				GCC_WARN_UNINITIALIZED_AUTOS = YES_AGGRESSIVE;
				GCC_WARN_UNUSED_FUNCTION = YES;
				GCC_WARN_UNUSED_VARIABLE = YES;
				IPHONEOS_DEPLOYMENT_TARGET = 17.4;
				LOCALIZATION_PREFERS_STRING_CATALOGS = YES;
				MTL_ENABLE_DEBUG_INFO = INCLUDE_SOURCE;
				MTL_FAST_MATH = YES;
				ONLY_ACTIVE_ARCH = YES;
				SDKROOT = iphoneos;
				SWIFT_ACTIVE_COMPILATION_CONDITIONS = "DEBUG $(inherited)";
				SWIFT_OPTIMIZATION_LEVEL = "-Onone";
			};
			name = Debug;
		};
		81603FFD2BD49BED00B47785 /* Release */ = {
			isa = XCBuildConfiguration;
			buildSettings = {
				ALWAYS_SEARCH_USER_PATHS = NO;
				ASSETCATALOG_COMPILER_GENERATE_SWIFT_ASSET_SYMBOL_EXTENSIONS = YES;
				CLANG_ANALYZER_NONNULL = YES;
				CLANG_ANALYZER_NUMBER_OBJECT_CONVERSION = YES_AGGRESSIVE;
				CLANG_CXX_LANGUAGE_STANDARD = "gnu++20";
				CLANG_ENABLE_MODULES = YES;
				CLANG_ENABLE_OBJC_ARC = YES;
				CLANG_ENABLE_OBJC_WEAK = YES;
				CLANG_WARN_BLOCK_CAPTURE_AUTORELEASING = YES;
				CLANG_WARN_BOOL_CONVERSION = YES;
				CLANG_WARN_COMMA = YES;
				CLANG_WARN_CONSTANT_CONVERSION = YES;
				CLANG_WARN_DEPRECATED_OBJC_IMPLEMENTATIONS = YES;
				CLANG_WARN_DIRECT_OBJC_ISA_USAGE = YES_ERROR;
				CLANG_WARN_DOCUMENTATION_COMMENTS = YES;
				CLANG_WARN_EMPTY_BODY = YES;
				CLANG_WARN_ENUM_CONVERSION = YES;
				CLANG_WARN_INFINITE_RECURSION = YES;
				CLANG_WARN_INT_CONVERSION = YES;
				CLANG_WARN_NON_LITERAL_NULL_CONVERSION = YES;
				CLANG_WARN_OBJC_IMPLICIT_RETAIN_SELF = YES;
				CLANG_WARN_OBJC_LITERAL_CONVERSION = YES;
				CLANG_WARN_OBJC_ROOT_CLASS = YES_ERROR;
				CLANG_WARN_QUOTED_INCLUDE_IN_FRAMEWORK_HEADER = YES;
				CLANG_WARN_RANGE_LOOP_ANALYSIS = YES;
				CLANG_WARN_STRICT_PROTOTYPES = YES;
				CLANG_WARN_SUSPICIOUS_MOVE = YES;
				CLANG_WARN_UNGUARDED_AVAILABILITY = YES_AGGRESSIVE;
				CLANG_WARN_UNREACHABLE_CODE = YES;
				CLANG_WARN__DUPLICATE_METHOD_MATCH = YES;
				COPY_PHASE_STRIP = NO;
				DEBUG_INFORMATION_FORMAT = "dwarf-with-dsym";
				ENABLE_NS_ASSERTIONS = NO;
				ENABLE_STRICT_OBJC_MSGSEND = YES;
				ENABLE_USER_SCRIPT_SANDBOXING = YES;
				GCC_C_LANGUAGE_STANDARD = gnu17;
				GCC_NO_COMMON_BLOCKS = YES;
				GCC_WARN_64_TO_32_BIT_CONVERSION = YES;
				GCC_WARN_ABOUT_RETURN_TYPE = YES_ERROR;
				GCC_WARN_UNDECLARED_SELECTOR = YES;
				GCC_WARN_UNINITIALIZED_AUTOS = YES_AGGRESSIVE;
				GCC_WARN_UNUSED_FUNCTION = YES;
				GCC_WARN_UNUSED_VARIABLE = YES;
				IPHONEOS_DEPLOYMENT_TARGET = 17.4;
				LOCALIZATION_PREFERS_STRING_CATALOGS = YES;
				MTL_ENABLE_DEBUG_INFO = NO;
				MTL_FAST_MATH = YES;
				SDKROOT = iphoneos;
				SWIFT_COMPILATION_MODE = wholemodule;
				VALIDATE_PRODUCT = YES;
			};
			name = Release;
		};
		81603FFF2BD49BED00B47785 /* Debug */ = {
			isa = XCBuildConfiguration;
			buildSettings = {
				ASSETCATALOG_COMPILER_APPICON_NAME = AppIcon;
				ASSETCATALOG_COMPILER_GLOBAL_ACCENT_COLOR_NAME = AccentColor;
				CODE_SIGN_STYLE = Automatic;
				CURRENT_PROJECT_VERSION = 1;
				DEVELOPMENT_ASSET_PATHS = "\"MakeItSo-ReminderClone/Preview Content\"";
				DEVELOPMENT_TEAM = 984DWNK3TC;
				ENABLE_PREVIEWS = YES;
				GENERATE_INFOPLIST_FILE = YES;
				INFOPLIST_KEY_UIApplicationSceneManifest_Generation = YES;
				INFOPLIST_KEY_UIApplicationSupportsIndirectInputEvents = YES;
				INFOPLIST_KEY_UILaunchScreen_Generation = YES;
				INFOPLIST_KEY_UISupportedInterfaceOrientations_iPad = "UIInterfaceOrientationPortrait UIInterfaceOrientationPortraitUpsideDown UIInterfaceOrientationLandscapeLeft UIInterfaceOrientationLandscapeRight";
				INFOPLIST_KEY_UISupportedInterfaceOrientations_iPhone = "UIInterfaceOrientationPortrait UIInterfaceOrientationLandscapeLeft UIInterfaceOrientationLandscapeRight";
				LD_RUNPATH_SEARCH_PATHS = (
					"$(inherited)",
					"@executable_path/Frameworks",
				);
				MARKETING_VERSION = 1.0;
				OTHER_LDFLAGS = "-ObjC";
				PRODUCT_BUNDLE_IDENTIFIER = "example.MakeItSo-ReminderClone";
				PRODUCT_NAME = "$(TARGET_NAME)";
				SWIFT_EMIT_LOC_STRINGS = YES;
				SWIFT_VERSION = 5.0;
				TARGETED_DEVICE_FAMILY = "1,2";
			};
			name = Debug;
		};
		816040002BD49BED00B47785 /* Release */ = {
			isa = XCBuildConfiguration;
			buildSettings = {
				ASSETCATALOG_COMPILER_APPICON_NAME = AppIcon;
				ASSETCATALOG_COMPILER_GLOBAL_ACCENT_COLOR_NAME = AccentColor;
				CODE_SIGN_STYLE = Automatic;
				CURRENT_PROJECT_VERSION = 1;
				DEVELOPMENT_ASSET_PATHS = "\"MakeItSo-ReminderClone/Preview Content\"";
				DEVELOPMENT_TEAM = 984DWNK3TC;
				ENABLE_PREVIEWS = YES;
				GENERATE_INFOPLIST_FILE = YES;
				INFOPLIST_KEY_UIApplicationSceneManifest_Generation = YES;
				INFOPLIST_KEY_UIApplicationSupportsIndirectInputEvents = YES;
				INFOPLIST_KEY_UILaunchScreen_Generation = YES;
				INFOPLIST_KEY_UISupportedInterfaceOrientations_iPad = "UIInterfaceOrientationPortrait UIInterfaceOrientationPortraitUpsideDown UIInterfaceOrientationLandscapeLeft UIInterfaceOrientationLandscapeRight";
				INFOPLIST_KEY_UISupportedInterfaceOrientations_iPhone = "UIInterfaceOrientationPortrait UIInterfaceOrientationLandscapeLeft UIInterfaceOrientationLandscapeRight";
				LD_RUNPATH_SEARCH_PATHS = (
					"$(inherited)",
					"@executable_path/Frameworks",
				);
				MARKETING_VERSION = 1.0;
				OTHER_LDFLAGS = "-ObjC";
				PRODUCT_BUNDLE_IDENTIFIER = "example.MakeItSo-ReminderClone";
				PRODUCT_NAME = "$(TARGET_NAME)";
				SWIFT_EMIT_LOC_STRINGS = YES;
				SWIFT_VERSION = 5.0;
				TARGETED_DEVICE_FAMILY = "1,2";
			};
			name = Release;
		};
/* End XCBuildConfiguration section */

/* Begin XCConfigurationList section */
		81603FE92BD49BEB00B47785 /* Build configuration list for PBXProject "MakeItSo-ReminderClone" */ = {
			isa = XCConfigurationList;
			buildConfigurations = (
				81603FFC2BD49BED00B47785 /* Debug */,
				81603FFD2BD49BED00B47785 /* Release */,
			);
			defaultConfigurationIsVisible = 0;
			defaultConfigurationName = Release;
		};
		81603FFE2BD49BED00B47785 /* Build configuration list for PBXNativeTarget "MakeItSo-ReminderClone" */ = {
			isa = XCConfigurationList;
			buildConfigurations = (
				81603FFF2BD49BED00B47785 /* Debug */,
				816040002BD49BED00B47785 /* Release */,
			);
			defaultConfigurationIsVisible = 0;
			defaultConfigurationName = Release;
		};
/* End XCConfigurationList section */

/* Begin XCRemoteSwiftPackageReference section */
		815137E02BD74184006F7169 /* XCRemoteSwiftPackageReference "Factory" */ = {
			isa = XCRemoteSwiftPackageReference;
			repositoryURL = "https://github.com/hmlongco/Factory";
			requirement = {
				kind = upToNextMajorVersion;
				minimumVersion = 2.3.2;
			};
		};
		81EEDA542BD5775D00257C91 /* XCRemoteSwiftPackageReference "firebase-ios-sdk" */ = {
			isa = XCRemoteSwiftPackageReference;
			repositoryURL = "https://github.com/firebase/firebase-ios-sdk.git";
			requirement = {
				kind = upToNextMajorVersion;
				minimumVersion = 10.24.0;
			};
		};
/* End XCRemoteSwiftPackageReference section */

/* Begin XCSwiftPackageProductDependency section */
		815137E12BD74184006F7169 /* Factory */ = {
			isa = XCSwiftPackageProductDependency;
			package = 815137E02BD74184006F7169 /* XCRemoteSwiftPackageReference "Factory" */;
			productName = Factory;
		};
		81EEDA552BD5775D00257C91 /* FirebaseAnalytics */ = {
			isa = XCSwiftPackageProductDependency;
			package = 81EEDA542BD5775D00257C91 /* XCRemoteSwiftPackageReference "firebase-ios-sdk" */;
			productName = FirebaseAnalytics;
		};
		81EEDA572BD5775D00257C91 /* FirebaseAnalyticsSwift */ = {
			isa = XCSwiftPackageProductDependency;
			package = 81EEDA542BD5775D00257C91 /* XCRemoteSwiftPackageReference "firebase-ios-sdk" */;
			productName = FirebaseAnalyticsSwift;
		};
		81EEDA592BD5775D00257C91 /* FirebaseAuth */ = {
			isa = XCSwiftPackageProductDependency;
			package = 81EEDA542BD5775D00257C91 /* XCRemoteSwiftPackageReference "firebase-ios-sdk" */;
			productName = FirebaseAuth;
		};
		81EEDA5B2BD5775D00257C91 /* FirebaseFirestore */ = {
			isa = XCSwiftPackageProductDependency;
			package = 81EEDA542BD5775D00257C91 /* XCRemoteSwiftPackageReference "firebase-ios-sdk" */;
			productName = FirebaseFirestore;
		};
		81EEDA5D2BD5775D00257C91 /* FirebaseFirestoreSwift */ = {
			isa = XCSwiftPackageProductDependency;
			package = 81EEDA542BD5775D00257C91 /* XCRemoteSwiftPackageReference "firebase-ios-sdk" */;
			productName = FirebaseFirestoreSwift;
		};
/* End XCSwiftPackageProductDependency section */
	};
	rootObject = 81603FE62BD49BEB00B47785 /* Project object */;
}
