// !$*UTF8*$!
{
	archiveVersion = 1;
	classes = {
	};
	objectVersion = 56;
	objects = {

/* Begin PBXBuildFile section */
		81083E972BDC5D7F00CDFC68 /* MeetingHeaderView.swift in Sources */ = {isa = PBXBuildFile; fileRef = 81083E962BDC5D7F00CDFC68 /* MeetingHeaderView.swift */; };
		81083E9A2BDC731F00CDFC68 /* ScrumProgressViewStyle.swift in Sources */ = {isa = PBXBuildFile; fileRef = 81083E992BDC731F00CDFC68 /* ScrumProgressViewStyle.swift */; };
		81083E9D2BDC7C8D00CDFC68 /* ScrumTimer.swift in Sources */ = {isa = PBXBuildFile; fileRef = 81083E9C2BDC7C8D00CDFC68 /* ScrumTimer.swift */; };
		81083E9F2BDCB91100CDFC68 /* MeetingFooterView.swift in Sources */ = {isa = PBXBuildFile; fileRef = 81083E9E2BDCB91100CDFC68 /* MeetingFooterView.swift */; };
		81A1CEF12BE8594F00BA29FE /* ErrorWrapper.swift in Sources */ = {isa = PBXBuildFile; fileRef = 81A1CEF02BE8594F00BA29FE /* ErrorWrapper.swift */; };
		81A1CEF42BE85A6C00BA29FE /* ErrorView.swift in Sources */ = {isa = PBXBuildFile; fileRef = 81A1CEF32BE85A6C00BA29FE /* ErrorView.swift */; };
		81A1CEF62BE87B1700BA29FE /* MeetingTimerView.swift in Sources */ = {isa = PBXBuildFile; fileRef = 81A1CEF52BE87B1700BA29FE /* MeetingTimerView.swift */; };
		81A1CEF82BE87E6500BA29FE /* SpeakerArc.swift in Sources */ = {isa = PBXBuildFile; fileRef = 81A1CEF72BE87E6500BA29FE /* SpeakerArc.swift */; };
		81A1CEFD2BE88C5A00BA29FE /* SpeechRecognizer.swift in Sources */ = {isa = PBXBuildFile; fileRef = 81A1CEFC2BE88C5A00BA29FE /* SpeechRecognizer.swift */; };
		81DA9BC12BDAFEDC009E36F5 /* ScrumdingerApp.swift in Sources */ = {isa = PBXBuildFile; fileRef = 81DA9BC02BDAFEDC009E36F5 /* ScrumdingerApp.swift */; };
		81DA9BC32BDAFEDC009E36F5 /* MeetingView.swift in Sources */ = {isa = PBXBuildFile; fileRef = 81DA9BC22BDAFEDC009E36F5 /* MeetingView.swift */; };
		81DA9BC52BDAFEDE009E36F5 /* Assets.xcassets in Resources */ = {isa = PBXBuildFile; fileRef = 81DA9BC42BDAFEDE009E36F5 /* Assets.xcassets */; };
		81DA9BC82BDAFEDE009E36F5 /* Preview Assets.xcassets in Resources */ = {isa = PBXBuildFile; fileRef = 81DA9BC72BDAFEDE009E36F5 /* Preview Assets.xcassets */; };
		81DA9BD12BDB373F009E36F5 /* Theme.swift in Sources */ = {isa = PBXBuildFile; fileRef = 81DA9BD02BDB373F009E36F5 /* Theme.swift */; };
		81DA9BD32BDB3A7F009E36F5 /* DailyScrum.swift in Sources */ = {isa = PBXBuildFile; fileRef = 81DA9BD22BDB3A7F009E36F5 /* DailyScrum.swift */; };
		81DA9BD62BDB3BA8009E36F5 /* ScrumCardView.swift in Sources */ = {isa = PBXBuildFile; fileRef = 81DA9BD52BDB3BA8009E36F5 /* ScrumCardView.swift */; };
		81DA9BD82BDBFE27009E36F5 /* TrailingIconLabelStyle.swift in Sources */ = {isa = PBXBuildFile; fileRef = 81DA9BD72BDBFE27009E36F5 /* TrailingIconLabelStyle.swift */; };
		81DA9BDA2BDC0381009E36F5 /* ScrumsView.swift in Sources */ = {isa = PBXBuildFile; fileRef = 81DA9BD92BDC0381009E36F5 /* ScrumsView.swift */; };
		81DA9BDC2BDC0A46009E36F5 /* ScrumDetailView.swift in Sources */ = {isa = PBXBuildFile; fileRef = 81DA9BDB2BDC0A46009E36F5 /* ScrumDetailView.swift */; };
		81DA9BDE2BDC1591009E36F5 /* ScrumDetailEditView.swift in Sources */ = {isa = PBXBuildFile; fileRef = 81DA9BDD2BDC1591009E36F5 /* ScrumDetailEditView.swift */; };
		81DA9BE02BDC230E009E36F5 /* ThemeView.swift in Sources */ = {isa = PBXBuildFile; fileRef = 81DA9BDF2BDC230E009E36F5 /* ThemeView.swift */; };
		81DA9BE22BDC3590009E36F5 /* ThemePickerView.swift in Sources */ = {isa = PBXBuildFile; fileRef = 81DA9BE12BDC3590009E36F5 /* ThemePickerView.swift */; };
		81FF53D32BDCDEFA00B9A439 /* ding.wav in Resources */ = {isa = PBXBuildFile; fileRef = 81FF53D22BDCDEFA00B9A439 /* ding.wav */; };
		81FF53D62BDCDF5F00B9A439 /* AVPlayer+Ding.swift in Sources */ = {isa = PBXBuildFile; fileRef = 81FF53D52BDCDF5F00B9A439 /* AVPlayer+Ding.swift */; };
		81FF53D82BDD461B00B9A439 /* NewScrumSheetView.swift in Sources */ = {isa = PBXBuildFile; fileRef = 81FF53D72BDD461B00B9A439 /* NewScrumSheetView.swift */; };
		81FF53DA2BDD6D2C00B9A439 /* ScrumHistory.swift in Sources */ = {isa = PBXBuildFile; fileRef = 81FF53D92BDD6D2C00B9A439 /* ScrumHistory.swift */; };
		81FF53DE2BDDEC0200B9A439 /* ScrumStore.swift in Sources */ = {isa = PBXBuildFile; fileRef = 81FF53DD2BDDEC0200B9A439 /* ScrumStore.swift */; };
/* End PBXBuildFile section */

/* Begin PBXFileReference section */
		81083E962BDC5D7F00CDFC68 /* MeetingHeaderView.swift */ = {isa = PBXFileReference; lastKnownFileType = sourcecode.swift; path = MeetingHeaderView.swift; sourceTree = "<group>"; };
		81083E992BDC731F00CDFC68 /* ScrumProgressViewStyle.swift */ = {isa = PBXFileReference; lastKnownFileType = sourcecode.swift; path = ScrumProgressViewStyle.swift; sourceTree = "<group>"; };
		81083E9C2BDC7C8D00CDFC68 /* ScrumTimer.swift */ = {isa = PBXFileReference; lastKnownFileType = sourcecode.swift; path = ScrumTimer.swift; sourceTree = "<group>"; };
		81083E9E2BDCB91100CDFC68 /* MeetingFooterView.swift */ = {isa = PBXFileReference; lastKnownFileType = sourcecode.swift; path = MeetingFooterView.swift; sourceTree = "<group>"; };
		81A1CEF02BE8594F00BA29FE /* ErrorWrapper.swift */ = {isa = PBXFileReference; lastKnownFileType = sourcecode.swift; path = ErrorWrapper.swift; sourceTree = "<group>"; };
		81A1CEF32BE85A6C00BA29FE /* ErrorView.swift */ = {isa = PBXFileReference; lastKnownFileType = sourcecode.swift; path = ErrorView.swift; sourceTree = "<group>"; };
		81A1CEF52BE87B1700BA29FE /* MeetingTimerView.swift */ = {isa = PBXFileReference; lastKnownFileType = sourcecode.swift; path = MeetingTimerView.swift; sourceTree = "<group>"; };
		81A1CEF72BE87E6500BA29FE /* SpeakerArc.swift */ = {isa = PBXFileReference; lastKnownFileType = sourcecode.swift; path = SpeakerArc.swift; sourceTree = "<group>"; };
		81A1CEF92BE88B6B00BA29FE /* Info.plist */ = {isa = PBXFileReference; lastKnownFileType = text.plist; path = Info.plist; sourceTree = "<group>"; };
		81A1CEFC2BE88C5A00BA29FE /* SpeechRecognizer.swift */ = {isa = PBXFileReference; lastKnownFileType = sourcecode.swift; path = SpeechRecognizer.swift; sourceTree = "<group>"; };
		81DA9BBD2BDAFEDC009E36F5 /* Scrumdinger.app */ = {isa = PBXFileReference; explicitFileType = wrapper.application; includeInIndex = 0; path = Scrumdinger.app; sourceTree = BUILT_PRODUCTS_DIR; };
		81DA9BC02BDAFEDC009E36F5 /* ScrumdingerApp.swift */ = {isa = PBXFileReference; lastKnownFileType = sourcecode.swift; path = ScrumdingerApp.swift; sourceTree = "<group>"; };
		81DA9BC22BDAFEDC009E36F5 /* MeetingView.swift */ = {isa = PBXFileReference; lastKnownFileType = sourcecode.swift; path = MeetingView.swift; sourceTree = "<group>"; };
		81DA9BC42BDAFEDE009E36F5 /* Assets.xcassets */ = {isa = PBXFileReference; lastKnownFileType = folder.assetcatalog; path = Assets.xcassets; sourceTree = "<group>"; };
		81DA9BC72BDAFEDE009E36F5 /* Preview Assets.xcassets */ = {isa = PBXFileReference; lastKnownFileType = folder.assetcatalog; path = "Preview Assets.xcassets"; sourceTree = "<group>"; };
		81DA9BD02BDB373F009E36F5 /* Theme.swift */ = {isa = PBXFileReference; lastKnownFileType = sourcecode.swift; path = Theme.swift; sourceTree = "<group>"; };
		81DA9BD22BDB3A7F009E36F5 /* DailyScrum.swift */ = {isa = PBXFileReference; lastKnownFileType = sourcecode.swift; path = DailyScrum.swift; sourceTree = "<group>"; };
		81DA9BD52BDB3BA8009E36F5 /* ScrumCardView.swift */ = {isa = PBXFileReference; lastKnownFileType = sourcecode.swift; path = ScrumCardView.swift; sourceTree = "<group>"; };
		81DA9BD72BDBFE27009E36F5 /* TrailingIconLabelStyle.swift */ = {isa = PBXFileReference; lastKnownFileType = sourcecode.swift; path = TrailingIconLabelStyle.swift; sourceTree = "<group>"; };
		81DA9BD92BDC0381009E36F5 /* ScrumsView.swift */ = {isa = PBXFileReference; lastKnownFileType = sourcecode.swift; path = ScrumsView.swift; sourceTree = "<group>"; };
		81DA9BDB2BDC0A46009E36F5 /* ScrumDetailView.swift */ = {isa = PBXFileReference; lastKnownFileType = sourcecode.swift; path = ScrumDetailView.swift; sourceTree = "<group>"; };
		81DA9BDD2BDC1591009E36F5 /* ScrumDetailEditView.swift */ = {isa = PBXFileReference; lastKnownFileType = sourcecode.swift; path = ScrumDetailEditView.swift; sourceTree = "<group>"; };
		81DA9BDF2BDC230E009E36F5 /* ThemeView.swift */ = {isa = PBXFileReference; lastKnownFileType = sourcecode.swift; path = ThemeView.swift; sourceTree = "<group>"; };
		81DA9BE12BDC3590009E36F5 /* ThemePickerView.swift */ = {isa = PBXFileReference; lastKnownFileType = sourcecode.swift; path = ThemePickerView.swift; sourceTree = "<group>"; };
		81FF53D22BDCDEFA00B9A439 /* ding.wav */ = {isa = PBXFileReference; lastKnownFileType = audio.wav; path = ding.wav; sourceTree = "<group>"; };
		81FF53D52BDCDF5F00B9A439 /* AVPlayer+Ding.swift */ = {isa = PBXFileReference; lastKnownFileType = sourcecode.swift; path = "AVPlayer+Ding.swift"; sourceTree = "<group>"; };
		81FF53D72BDD461B00B9A439 /* NewScrumSheetView.swift */ = {isa = PBXFileReference; lastKnownFileType = sourcecode.swift; path = NewScrumSheetView.swift; sourceTree = "<group>"; };
		81FF53D92BDD6D2C00B9A439 /* ScrumHistory.swift */ = {isa = PBXFileReference; lastKnownFileType = sourcecode.swift; path = ScrumHistory.swift; sourceTree = "<group>"; };
		81FF53DD2BDDEC0200B9A439 /* ScrumStore.swift */ = {isa = PBXFileReference; lastKnownFileType = sourcecode.swift; path = ScrumStore.swift; sourceTree = "<group>"; };
/* End PBXFileReference section */

/* Begin PBXFrameworksBuildPhase section */
		81DA9BBA2BDAFEDC009E36F5 /* Frameworks */ = {
			isa = PBXFrameworksBuildPhase;
			buildActionMask = 2147483647;
			files = (
			);
			runOnlyForDeploymentPostprocessing = 0;
		};
/* End PBXFrameworksBuildPhase section */

/* Begin PBXGroup section */
		81083E932BDC5C1100CDFC68 /* Scrum */ = {
			isa = PBXGroup;
			children = (
				81DA9BD42BDB3B90009E36F5 /* Views */,
				81DA9BCE2BDB34BD009E36F5 /* Models */,
			);
			path = Scrum;
			sourceTree = "<group>";
		};
		81083E942BDC5CD600CDFC68 /* Meeting */ = {
			isa = PBXGroup;
			children = (
				81083E9B2BDC7C7900CDFC68 /* Models */,
				81083E952BDC5CDF00CDFC68 /* Views */,
			);
			path = Meeting;
			sourceTree = "<group>";
		};
		81083E952BDC5CDF00CDFC68 /* Views */ = {
			isa = PBXGroup;
			children = (
				81DA9BC22BDAFEDC009E36F5 /* MeetingView.swift */,
				81083E962BDC5D7F00CDFC68 /* MeetingHeaderView.swift */,
				81083E9E2BDCB91100CDFC68 /* MeetingFooterView.swift */,
				81A1CEF52BE87B1700BA29FE /* MeetingTimerView.swift */,
				81A1CEF72BE87E6500BA29FE /* SpeakerArc.swift */,
			);
			path = Views;
			sourceTree = "<group>";
		};
		81083E982BDC709500CDFC68 /* Theme */ = {
			isa = PBXGroup;
			children = (
				81DA9BDF2BDC230E009E36F5 /* ThemeView.swift */,
				81DA9BD02BDB373F009E36F5 /* Theme.swift */,
				81DA9BE12BDC3590009E36F5 /* ThemePickerView.swift */,
				81DA9BCF2BDB36E3009E36F5 /* Styles */,
			);
			path = Theme;
			sourceTree = "<group>";
		};
		81083E9B2BDC7C7900CDFC68 /* Models */ = {
			isa = PBXGroup;
			children = (
				81083E9C2BDC7C8D00CDFC68 /* ScrumTimer.swift */,
			);
			path = Models;
			sourceTree = "<group>";
		};
		81A1CEEE2BE8592200BA29FE /* ErrorHandling */ = {
			isa = PBXGroup;
			children = (
				81A1CEF22BE85A6000BA29FE /* Views */,
				81A1CEEF2BE8593000BA29FE /* Models */,
			);
			path = ErrorHandling;
			sourceTree = "<group>";
		};
		81A1CEEF2BE8593000BA29FE /* Models */ = {
			isa = PBXGroup;
			children = (
				81A1CEF02BE8594F00BA29FE /* ErrorWrapper.swift */,
			);
			path = Models;
			sourceTree = "<group>";
		};
		81A1CEF22BE85A6000BA29FE /* Views */ = {
			isa = PBXGroup;
			children = (
				81A1CEF32BE85A6C00BA29FE /* ErrorView.swift */,
			);
			path = Views;
			sourceTree = "<group>";
		};
		81A1CEFA2BE88C3D00BA29FE /* Transcription */ = {
			isa = PBXGroup;
			children = (
				81A1CEFB2BE88C4500BA29FE /* Models */,
			);
			path = Transcription;
			sourceTree = "<group>";
		};
		81A1CEFB2BE88C4500BA29FE /* Models */ = {
			isa = PBXGroup;
			children = (
				81A1CEFC2BE88C5A00BA29FE /* SpeechRecognizer.swift */,
			);
			path = Models;
			sourceTree = "<group>";
		};
		81DA9BB42BDAFEDC009E36F5 = {
			isa = PBXGroup;
			children = (
				81DA9BBF2BDAFEDC009E36F5 /* Scrumdinger */,
				81DA9BBE2BDAFEDC009E36F5 /* Products */,
			);
			sourceTree = "<group>";
		};
		81DA9BBE2BDAFEDC009E36F5 /* Products */ = {
			isa = PBXGroup;
			children = (
				81DA9BBD2BDAFEDC009E36F5 /* Scrumdinger.app */,
			);
			name = Products;
			sourceTree = "<group>";
		};
		81DA9BBF2BDAFEDC009E36F5 /* Scrumdinger */ = {
			isa = PBXGroup;
			children = (
				81A1CEFA2BE88C3D00BA29FE /* Transcription */,
				81A1CEF92BE88B6B00BA29FE /* Info.plist */,
				81A1CEEE2BE8592200BA29FE /* ErrorHandling */,
				81FF53DB2BDDEBD100B9A439 /* DataStore */,
				81FF53D02BDCDEE100B9A439 /* Audio */,
				81083E982BDC709500CDFC68 /* Theme */,
				81083E942BDC5CD600CDFC68 /* Meeting */,
				81083E932BDC5C1100CDFC68 /* Scrum */,
				81DA9BC02BDAFEDC009E36F5 /* ScrumdingerApp.swift */,
				81DA9BC42BDAFEDE009E36F5 /* Assets.xcassets */,
				81DA9BC62BDAFEDE009E36F5 /* Preview Content */,
			);
			path = Scrumdinger;
			sourceTree = "<group>";
		};
		81DA9BC62BDAFEDE009E36F5 /* Preview Content */ = {
			isa = PBXGroup;
			children = (
				81DA9BC72BDAFEDE009E36F5 /* Preview Assets.xcassets */,
			);
			path = "Preview Content";
			sourceTree = "<group>";
		};
		81DA9BCE2BDB34BD009E36F5 /* Models */ = {
			isa = PBXGroup;
			children = (
				81DA9BD22BDB3A7F009E36F5 /* DailyScrum.swift */,
				81FF53D92BDD6D2C00B9A439 /* ScrumHistory.swift */,
			);
			path = Models;
			sourceTree = "<group>";
		};
		81DA9BCF2BDB36E3009E36F5 /* Styles */ = {
			isa = PBXGroup;
			children = (
				81DA9BD72BDBFE27009E36F5 /* TrailingIconLabelStyle.swift */,
				81083E992BDC731F00CDFC68 /* ScrumProgressViewStyle.swift */,
			);
			path = Styles;
			sourceTree = "<group>";
		};
		81DA9BD42BDB3B90009E36F5 /* Views */ = {
			isa = PBXGroup;
			children = (
				81DA9BD52BDB3BA8009E36F5 /* ScrumCardView.swift */,
				81DA9BD92BDC0381009E36F5 /* ScrumsView.swift */,
				81DA9BDB2BDC0A46009E36F5 /* ScrumDetailView.swift */,
				81DA9BDD2BDC1591009E36F5 /* ScrumDetailEditView.swift */,
				81FF53D72BDD461B00B9A439 /* NewScrumSheetView.swift */,
			);
			path = Views;
			sourceTree = "<group>";
		};
		81FF53D02BDCDEE100B9A439 /* Audio */ = {
			isa = PBXGroup;
			children = (
				81FF53D42BDCDF1600B9A439 /* Services */,
				81FF53D12BDCDEED00B9A439 /* Resources */,
			);
			path = Audio;
			sourceTree = "<group>";
		};
		81FF53D12BDCDEED00B9A439 /* Resources */ = {
			isa = PBXGroup;
			children = (
				81FF53D22BDCDEFA00B9A439 /* ding.wav */,
			);
			path = Resources;
			sourceTree = "<group>";
		};
		81FF53D42BDCDF1600B9A439 /* Services */ = {
			isa = PBXGroup;
			children = (
				81FF53D52BDCDF5F00B9A439 /* AVPlayer+Ding.swift */,
			);
			path = Services;
			sourceTree = "<group>";
		};
		81FF53DB2BDDEBD100B9A439 /* DataStore */ = {
			isa = PBXGroup;
			children = (
				81FF53DC2BDDEBF300B9A439 /* Models */,
			);
			path = DataStore;
			sourceTree = "<group>";
		};
		81FF53DC2BDDEBF300B9A439 /* Models */ = {
			isa = PBXGroup;
			children = (
				81FF53DD2BDDEC0200B9A439 /* ScrumStore.swift */,
			);
			path = Models;
			sourceTree = "<group>";
		};
/* End PBXGroup section */

/* Begin PBXNativeTarget section */
		81DA9BBC2BDAFEDC009E36F5 /* Scrumdinger */ = {
			isa = PBXNativeTarget;
			buildConfigurationList = 81DA9BCB2BDAFEDE009E36F5 /* Build configuration list for PBXNativeTarget "Scrumdinger" */;
			buildPhases = (
				81DA9BB92BDAFEDC009E36F5 /* Sources */,
				81DA9BBA2BDAFEDC009E36F5 /* Frameworks */,
				81DA9BBB2BDAFEDC009E36F5 /* Resources */,
			);
			buildRules = (
			);
			dependencies = (
			);
			name = Scrumdinger;
			productName = Scrumdinger;
			productReference = 81DA9BBD2BDAFEDC009E36F5 /* Scrumdinger.app */;
			productType = "com.apple.product-type.application";
		};
/* End PBXNativeTarget section */

/* Begin PBXProject section */
		81DA9BB52BDAFEDC009E36F5 /* Project object */ = {
			isa = PBXProject;
			attributes = {
				BuildIndependentTargetsInParallel = 1;
				LastSwiftUpdateCheck = 1530;
				LastUpgradeCheck = 1530;
				TargetAttributes = {
					81DA9BBC2BDAFEDC009E36F5 = {
						CreatedOnToolsVersion = 15.3;
					};
				};
			};
			buildConfigurationList = 81DA9BB82BDAFEDC009E36F5 /* Build configuration list for PBXProject "Scrumdinger" */;
			compatibilityVersion = "Xcode 14.0";
			developmentRegion = en;
			hasScannedForEncodings = 0;
			knownRegions = (
				en,
				Base,
			);
			mainGroup = 81DA9BB42BDAFEDC009E36F5;
			productRefGroup = 81DA9BBE2BDAFEDC009E36F5 /* Products */;
			projectDirPath = "";
			projectRoot = "";
			targets = (
				81DA9BBC2BDAFEDC009E36F5 /* Scrumdinger */,
			);
		};
/* End PBXProject section */

/* Begin PBXResourcesBuildPhase section */
		81DA9BBB2BDAFEDC009E36F5 /* Resources */ = {
			isa = PBXResourcesBuildPhase;
			buildActionMask = 2147483647;
			files = (
				81FF53D32BDCDEFA00B9A439 /* ding.wav in Resources */,
				81DA9BC82BDAFEDE009E36F5 /* Preview Assets.xcassets in Resources */,
				81DA9BC52BDAFEDE009E36F5 /* Assets.xcassets in Resources */,
			);
			runOnlyForDeploymentPostprocessing = 0;
		};
/* End PBXResourcesBuildPhase section */

/* Begin PBXSourcesBuildPhase section */
		81DA9BB92BDAFEDC009E36F5 /* Sources */ = {
			isa = PBXSourcesBuildPhase;
			buildActionMask = 2147483647;
			files = (
				81DA9BDC2BDC0A46009E36F5 /* ScrumDetailView.swift in Sources */,
				81FF53D82BDD461B00B9A439 /* NewScrumSheetView.swift in Sources */,
				81083E9A2BDC731F00CDFC68 /* ScrumProgressViewStyle.swift in Sources */,
				81083E9F2BDCB91100CDFC68 /* MeetingFooterView.swift in Sources */,
				81A1CEF82BE87E6500BA29FE /* SpeakerArc.swift in Sources */,
				81A1CEF42BE85A6C00BA29FE /* ErrorView.swift in Sources */,
				81083E9D2BDC7C8D00CDFC68 /* ScrumTimer.swift in Sources */,
				81A1CEF62BE87B1700BA29FE /* MeetingTimerView.swift in Sources */,
				81DA9BD32BDB3A7F009E36F5 /* DailyScrum.swift in Sources */,
				81FF53DE2BDDEC0200B9A439 /* ScrumStore.swift in Sources */,
				81DA9BD82BDBFE27009E36F5 /* TrailingIconLabelStyle.swift in Sources */,
				81A1CEF12BE8594F00BA29FE /* ErrorWrapper.swift in Sources */,
				81083E972BDC5D7F00CDFC68 /* MeetingHeaderView.swift in Sources */,
				81DA9BD12BDB373F009E36F5 /* Theme.swift in Sources */,
				81DA9BDA2BDC0381009E36F5 /* ScrumsView.swift in Sources */,
				81DA9BE22BDC3590009E36F5 /* ThemePickerView.swift in Sources */,
				81DA9BDE2BDC1591009E36F5 /* ScrumDetailEditView.swift in Sources */,
				81A1CEFD2BE88C5A00BA29FE /* SpeechRecognizer.swift in Sources */,
				81DA9BC32BDAFEDC009E36F5 /* MeetingView.swift in Sources */,
				81FF53DA2BDD6D2C00B9A439 /* ScrumHistory.swift in Sources */,
				81DA9BC12BDAFEDC009E36F5 /* ScrumdingerApp.swift in Sources */,
				81DA9BE02BDC230E009E36F5 /* ThemeView.swift in Sources */,
				81DA9BD62BDB3BA8009E36F5 /* ScrumCardView.swift in Sources */,
				81FF53D62BDCDF5F00B9A439 /* AVPlayer+Ding.swift in Sources */,
			);
			runOnlyForDeploymentPostprocessing = 0;
		};
/* End PBXSourcesBuildPhase section */

/* Begin XCBuildConfiguration section */
		81DA9BC92BDAFEDE009E36F5 /* Debug */ = {
			isa = XCBuildConfiguration;
			buildSettings = {
				ALWAYS_SEARCH_USER_PATHS = NO;
				ASSETCATALOG_COMPILER_GENERATE_SWIFT_ASSET_SYMBOL_EXTENSIONS = YES;
				CLANG_ANALYZER_NONNULL = YES;
				CLANG_ANALYZER_NUMBER_OBJECT_CONVERSION = YES_AGGRESSIVE;
				CLANG_CXX_LANGUAGE_STANDARD = "gnu++20";
				CLANG_ENABLE_MODULES = YES;
				CLANG_ENABLE_OBJC_ARC = YES;
				CLANG_ENABLE_OBJC_WEAK = YES;
				CLANG_WARN_BLOCK_CAPTURE_AUTORELEASING = YES;
				CLANG_WARN_BOOL_CONVERSION = YES;
				CLANG_WARN_COMMA = YES;
				CLANG_WARN_CONSTANT_CONVERSION = YES;
				CLANG_WARN_DEPRECATED_OBJC_IMPLEMENTATIONS = YES;
				CLANG_WARN_DIRECT_OBJC_ISA_USAGE = YES_ERROR;
				CLANG_WARN_DOCUMENTATION_COMMENTS = YES;
				CLANG_WARN_EMPTY_BODY = YES;
				CLANG_WARN_ENUM_CONVERSION = YES;
				CLANG_WARN_INFINITE_RECURSION = YES;
				CLANG_WARN_INT_CONVERSION = YES;
				CLANG_WARN_NON_LITERAL_NULL_CONVERSION = YES;
				CLANG_WARN_OBJC_IMPLICIT_RETAIN_SELF = YES;
				CLANG_WARN_OBJC_LITERAL_CONVERSION = YES;
				CLANG_WARN_OBJC_ROOT_CLASS = YES_ERROR;
				CLANG_WARN_QUOTED_INCLUDE_IN_FRAMEWORK_HEADER = YES;
				CLANG_WARN_RANGE_LOOP_ANALYSIS = YES;
				CLANG_WARN_STRICT_PROTOTYPES = YES;
				CLANG_WARN_SUSPICIOUS_MOVE = YES;
				CLANG_WARN_UNGUARDED_AVAILABILITY = YES_AGGRESSIVE;
				CLANG_WARN_UNREACHABLE_CODE = YES;
				CLANG_WARN__DUPLICATE_METHOD_MATCH = YES;
				COPY_PHASE_STRIP = NO;
				DEBUG_INFORMATION_FORMAT = dwarf;
				ENABLE_STRICT_OBJC_MSGSEND = YES;
				ENABLE_TESTABILITY = YES;
				ENABLE_USER_SCRIPT_SANDBOXING = YES;
				GCC_C_LANGUAGE_STANDARD = gnu17;
				GCC_DYNAMIC_NO_PIC = NO;
				GCC_NO_COMMON_BLOCKS = YES;
				GCC_OPTIMIZATION_LEVEL = 0;
				GCC_PREPROCESSOR_DEFINITIONS = (
					"DEBUG=1",
					"$(inherited)",
				);
				GCC_WARN_64_TO_32_BIT_CONVERSION = YES;
				GCC_WARN_ABOUT_RETURN_TYPE = YES_ERROR;
				GCC_WARN_UNDECLARED_SELECTOR = YES;
				GCC_WARN_UNINITIALIZED_AUTOS = YES_AGGRESSIVE;
				GCC_WARN_UNUSED_FUNCTION = YES;
				GCC_WARN_UNUSED_VARIABLE = YES;
				IPHONEOS_DEPLOYMENT_TARGET = 17.4;
				LOCALIZATION_PREFERS_STRING_CATALOGS = YES;
				MTL_ENABLE_DEBUG_INFO = INCLUDE_SOURCE;
				MTL_FAST_MATH = YES;
				ONLY_ACTIVE_ARCH = YES;
				SDKROOT = iphoneos;
				SWIFT_ACTIVE_COMPILATION_CONDITIONS = "DEBUG $(inherited)";
				SWIFT_OPTIMIZATION_LEVEL = "-Onone";
			};
			name = Debug;
		};
		81DA9BCA2BDAFEDE009E36F5 /* Release */ = {
			isa = XCBuildConfiguration;
			buildSettings = {
				ALWAYS_SEARCH_USER_PATHS = NO;
				ASSETCATALOG_COMPILER_GENERATE_SWIFT_ASSET_SYMBOL_EXTENSIONS = YES;
				CLANG_ANALYZER_NONNULL = YES;
				CLANG_ANALYZER_NUMBER_OBJECT_CONVERSION = YES_AGGRESSIVE;
				CLANG_CXX_LANGUAGE_STANDARD = "gnu++20";
				CLANG_ENABLE_MODULES = YES;
				CLANG_ENABLE_OBJC_ARC = YES;
				CLANG_ENABLE_OBJC_WEAK = YES;
				CLANG_WARN_BLOCK_CAPTURE_AUTORELEASING = YES;
				CLANG_WARN_BOOL_CONVERSION = YES;
				CLANG_WARN_COMMA = YES;
				CLANG_WARN_CONSTANT_CONVERSION = YES;
				CLANG_WARN_DEPRECATED_OBJC_IMPLEMENTATIONS = YES;
				CLANG_WARN_DIRECT_OBJC_ISA_USAGE = YES_ERROR;
				CLANG_WARN_DOCUMENTATION_COMMENTS = YES;
				CLANG_WARN_EMPTY_BODY = YES;
				CLANG_WARN_ENUM_CONVERSION = YES;
				CLANG_WARN_INFINITE_RECURSION = YES;
				CLANG_WARN_INT_CONVERSION = YES;
				CLANG_WARN_NON_LITERAL_NULL_CONVERSION = YES;
				CLANG_WARN_OBJC_IMPLICIT_RETAIN_SELF = YES;
				CLANG_WARN_OBJC_LITERAL_CONVERSION = YES;
				CLANG_WARN_OBJC_ROOT_CLASS = YES_ERROR;
				CLANG_WARN_QUOTED_INCLUDE_IN_FRAMEWORK_HEADER = YES;
				CLANG_WARN_RANGE_LOOP_ANALYSIS = YES;
				CLANG_WARN_STRICT_PROTOTYPES = YES;
				CLANG_WARN_SUSPICIOUS_MOVE = YES;
				CLANG_WARN_UNGUARDED_AVAILABILITY = YES_AGGRESSIVE;
				CLANG_WARN_UNREACHABLE_CODE = YES;
				CLANG_WARN__DUPLICATE_METHOD_MATCH = YES;
				COPY_PHASE_STRIP = NO;
				DEBUG_INFORMATION_FORMAT = "dwarf-with-dsym";
				ENABLE_NS_ASSERTIONS = NO;
				ENABLE_STRICT_OBJC_MSGSEND = YES;
				ENABLE_USER_SCRIPT_SANDBOXING = YES;
				GCC_C_LANGUAGE_STANDARD = gnu17;
				GCC_NO_COMMON_BLOCKS = YES;
				GCC_WARN_64_TO_32_BIT_CONVERSION = YES;
				GCC_WARN_ABOUT_RETURN_TYPE = YES_ERROR;
				GCC_WARN_UNDECLARED_SELECTOR = YES;
				GCC_WARN_UNINITIALIZED_AUTOS = YES_AGGRESSIVE;
				GCC_WARN_UNUSED_FUNCTION = YES;
				GCC_WARN_UNUSED_VARIABLE = YES;
				IPHONEOS_DEPLOYMENT_TARGET = 17.4;
				LOCALIZATION_PREFERS_STRING_CATALOGS = YES;
				MTL_ENABLE_DEBUG_INFO = NO;
				MTL_FAST_MATH = YES;
				SDKROOT = iphoneos;
				SWIFT_COMPILATION_MODE = wholemodule;
				VALIDATE_PRODUCT = YES;
			};
			name = Release;
		};
		81DA9BCC2BDAFEDE009E36F5 /* Debug */ = {
			isa = XCBuildConfiguration;
			buildSettings = {
				ASSETCATALOG_COMPILER_APPICON_NAME = AppIcon;
				ASSETCATALOG_COMPILER_GLOBAL_ACCENT_COLOR_NAME = AccentColor;
				CODE_SIGN_STYLE = Automatic;
				CURRENT_PROJECT_VERSION = 1;
				DEVELOPMENT_ASSET_PATHS = "\"Scrumdinger/Preview Content\"";
				DEVELOPMENT_TEAM = 984DWNK3TC;
				ENABLE_PREVIEWS = YES;
				GENERATE_INFOPLIST_FILE = YES;
				INFOPLIST_FILE = Scrumdinger/Info.plist;
				INFOPLIST_KEY_NSMicrophoneUsageDescription = "Audio is recorded to transcribe the meeting. Audio recordings are discarded after transcription.";
				INFOPLIST_KEY_NSSpeechRecognitionUsageDescription = "You can view a text transcription of your meeting in the app";
				INFOPLIST_KEY_UIApplicationSceneManifest_Generation = YES;
				INFOPLIST_KEY_UIApplicationSupportsIndirectInputEvents = YES;
				INFOPLIST_KEY_UILaunchScreen_Generation = YES;
				INFOPLIST_KEY_UISupportedInterfaceOrientations_iPad = "UIInterfaceOrientationPortrait UIInterfaceOrientationPortraitUpsideDown UIInterfaceOrientationLandscapeLeft UIInterfaceOrientationLandscapeRight";
				INFOPLIST_KEY_UISupportedInterfaceOrientations_iPhone = "UIInterfaceOrientationPortrait UIInterfaceOrientationLandscapeLeft UIInterfaceOrientationLandscapeRight";
				LD_RUNPATH_SEARCH_PATHS = (
					"$(inherited)",
					"@executable_path/Frameworks",
				);
				MARKETING_VERSION = 1.0;
				PRODUCT_BUNDLE_IDENTIFIER = example.Scrumdinger;
				PRODUCT_NAME = "$(TARGET_NAME)";
				SWIFT_EMIT_LOC_STRINGS = YES;
				SWIFT_VERSION = 5.0;
				TARGETED_DEVICE_FAMILY = "1,2";
			};
			name = Debug;
		};
		81DA9BCD2BDAFEDE009E36F5 /* Release */ = {
			isa = XCBuildConfiguration;
			buildSettings = {
				ASSETCATALOG_COMPILER_APPICON_NAME = AppIcon;
				ASSETCATALOG_COMPILER_GLOBAL_ACCENT_COLOR_NAME = AccentColor;
				CODE_SIGN_STYLE = Automatic;
				CURRENT_PROJECT_VERSION = 1;
				DEVELOPMENT_ASSET_PATHS = "\"Scrumdinger/Preview Content\"";
				DEVELOPMENT_TEAM = 984DWNK3TC;
				ENABLE_PREVIEWS = YES;
				GENERATE_INFOPLIST_FILE = YES;
				INFOPLIST_FILE = Scrumdinger/Info.plist;
				INFOPLIST_KEY_NSMicrophoneUsageDescription = "Audio is recorded to transcribe the meeting. Audio recordings are discarded after transcription.";
				INFOPLIST_KEY_NSSpeechRecognitionUsageDescription = "You can view a text transcription of your meeting in the app";
				INFOPLIST_KEY_UIApplicationSceneManifest_Generation = YES;
				INFOPLIST_KEY_UIApplicationSupportsIndirectInputEvents = YES;
				INFOPLIST_KEY_UILaunchScreen_Generation = YES;
				INFOPLIST_KEY_UISupportedInterfaceOrientations_iPad = "UIInterfaceOrientationPortrait UIInterfaceOrientationPortraitUpsideDown UIInterfaceOrientationLandscapeLeft UIInterfaceOrientationLandscapeRight";
				INFOPLIST_KEY_UISupportedInterfaceOrientations_iPhone = "UIInterfaceOrientationPortrait UIInterfaceOrientationLandscapeLeft UIInterfaceOrientationLandscapeRight";
				LD_RUNPATH_SEARCH_PATHS = (
					"$(inherited)",
					"@executable_path/Frameworks",
				);
				MARKETING_VERSION = 1.0;
				PRODUCT_BUNDLE_IDENTIFIER = example.Scrumdinger;
				PRODUCT_NAME = "$(TARGET_NAME)";
				SWIFT_EMIT_LOC_STRINGS = YES;
				SWIFT_VERSION = 5.0;
				TARGETED_DEVICE_FAMILY = "1,2";
			};
			name = Release;
		};
/* End XCBuildConfiguration section */

/* Begin XCConfigurationList section */
		81DA9BB82BDAFEDC009E36F5 /* Build configuration list for PBXProject "Scrumdinger" */ = {
			isa = XCConfigurationList;
			buildConfigurations = (
				81DA9BC92BDAFEDE009E36F5 /* Debug */,
				81DA9BCA2BDAFEDE009E36F5 /* Release */,
			);
			defaultConfigurationIsVisible = 0;
			defaultConfigurationName = Release;
		};
		81DA9BCB2BDAFEDE009E36F5 /* Build configuration list for PBXNativeTarget "Scrumdinger" */ = {
			isa = XCConfigurationList;
			buildConfigurations = (
				81DA9BCC2BDAFEDE009E36F5 /* Debug */,
				81DA9BCD2BDAFEDE009E36F5 /* Release */,
			);
			defaultConfigurationIsVisible = 0;
			defaultConfigurationName = Release;
		};
/* End XCConfigurationList section */
	};
	rootObject = 81DA9BB52BDAFEDC009E36F5 /* Project object */;
}
